
Microsoft Visual Studio Solution File, Format Version 12.00
# Visual Studio 15
Project("{FAE04EC0-301F-11D3-BF4B-00C04F79EFBC}") = "eNote.Android", "eNote.Android\eNote.Android.csproj", "{DCEF9DDA-F2AC-4E8B-88B0-01A86A0FAED4}"
EndProject
Project("{FAE04EC0-301F-11D3-BF4B-00C04F79EFBC}") = "eNote", "eNote\eNote.csproj", "{0186F8B7-118B-43F8-A977-CA6C9F015C80}"
EndProject
Project("{FAE04EC0-301F-11D3-BF4B-00C04F79EFBC}") = "eNote.iOS", "eNote.iOS\eNote.iOS.csproj", "{D3B50B61-E935-41CD-B85E-88794C34A8CB}"
EndProject
Global
	GlobalSection(SolutionConfigurationPlatforms) = preSolution
		Debug|Any CPU = Debug|Any CPU
		Release|Any CPU = Release|Any CPU
		Debug|iPhoneSimulator = Debug|iPhoneSimulator
		Release|iPhoneSimulator = Release|iPhoneSimulator
		Debug|iPhone = Debug|iPhone
		Release|iPhone = Release|iPhone
		Ad-Hoc|iPhone = Ad-Hoc|iPhone
		AppStore|iPhone = AppStore|iPhone
	EndGlobalSection
	GlobalSection(ProjectConfigurationPlatforms) = postSolution
		{DCEF9DDA-F2AC-4E8B-88B0-01A86A0FAED4}.Debug|Any CPU.ActiveCfg = Debug|Any CPU
		{DCEF9DDA-F2AC-4E8B-88B0-01A86A0FAED4}.Debug|Any CPU.Build.0 = Debug|Any CPU
		{DCEF9DDA-F2AC-4E8B-88B0-01A86A0FAED4}.Release|Any CPU.ActiveCfg = Release|Any CPU
		{DCEF9DDA-F2AC-4E8B-88B0-01A86A0FAED4}.Release|Any CPU.Build.0 = Release|Any CPU
		{DCEF9DDA-F2AC-4E8B-88B0-01A86A0FAED4}.Debug|iPhoneSimulator.ActiveCfg = Debug|Any CPU
		{DCEF9DDA-F2AC-4E8B-88B0-01A86A0FAED4}.Debug|iPhoneSimulator.Build.0 = Debug|Any CPU
		{DCEF9DDA-F2AC-4E8B-88B0-01A86A0FAED4}.Release|iPhoneSimulator.ActiveCfg = Release|Any CPU
		{DCEF9DDA-F2AC-4E8B-88B0-01A86A0FAED4}.Release|iPhoneSimulator.Build.0 = Release|Any CPU
		{DCEF9DDA-F2AC-4E8B-88B0-01A86A0FAED4}.Debug|iPhone.ActiveCfg = Debug|Any CPU
		{DCEF9DDA-F2AC-4E8B-88B0-01A86A0FAED4}.Debug|iPhone.Build.0 = Debug|Any CPU
		{DCEF9DDA-F2AC-4E8B-88B0-01A86A0FAED4}.Release|iPhone.ActiveCfg = Release|Any CPU
		{DCEF9DDA-F2AC-4E8B-88B0-01A86A0FAED4}.Release|iPhone.Build.0 = Release|Any CPU
		{DCEF9DDA-F2AC-4E8B-88B0-01A86A0FAED4}.Ad-Hoc|iPhone.ActiveCfg = Debug|Any CPU
		{DCEF9DDA-F2AC-4E8B-88B0-01A86A0FAED4}.Ad-Hoc|iPhone.Build.0 = Debug|Any CPU
		{DCEF9DDA-F2AC-4E8B-88B0-01A86A0FAED4}.AppStore|iPhone.ActiveCfg = Debug|Any CPU
		{DCEF9DDA-F2AC-4E8B-88B0-01A86A0FAED4}.AppStore|iPhone.Build.0 = Debug|Any CPU
		{0186F8B7-118B-43F8-A977-CA6C9F015C80}.Debug|Any CPU.ActiveCfg = Debug|Any CPU
		{0186F8B7-118B-43F8-A977-CA6C9F015C80}.Debug|Any CPU.Build.0 = Debug|Any CPU
		{0186F8B7-118B-43F8-A977-CA6C9F015C80}.Release|Any CPU.ActiveCfg = Release|Any CPU
		{0186F8B7-118B-43F8-A977-CA6C9F015C80}.Release|Any CPU.Build.0 = Release|Any CPU
		{0186F8B7-118B-43F8-A977-CA6C9F015C80}.Debug|iPhoneSimulator.ActiveCfg = Debug|Any CPU
		{0186F8B7-118B-43F8-A977-CA6C9F015C80}.Debug|iPhoneSimulator.Build.0 = Debug|Any CPU
		{0186F8B7-118B-43F8-A977-CA6C9F015C80}.Release|iPhoneSimulator.ActiveCfg = Release|Any CPU
		{0186F8B7-118B-43F8-A977-CA6C9F015C80}.Release|iPhoneSimulator.Build.0 = Release|Any CPU
		{0186F8B7-118B-43F8-A977-CA6C9F015C80}.Debug|iPhone.ActiveCfg = Debug|Any CPU
		{0186F8B7-118B-43F8-A977-CA6C9F015C80}.Debug|iPhone.Build.0 = Debug|Any CPU
		{0186F8B7-118B-43F8-A977-CA6C9F015C80}.Release|iPhone.ActiveCfg = Release|Any CPU
		{0186F8B7-118B-43F8-A977-CA6C9F015C80}.Release|iPhone.Build.0 = Release|Any CPU
		{0186F8B7-118B-43F8-A977-CA6C9F015C80}.Ad-Hoc|iPhone.ActiveCfg = Debug|Any CPU
		{0186F8B7-118B-43F8-A977-CA6C9F015C80}.Ad-Hoc|iPhone.Build.0 = Debug|Any CPU
		{0186F8B7-118B-43F8-A977-CA6C9F015C80}.AppStore|iPhone.ActiveCfg = Debug|Any CPU
		{0186F8B7-118B-43F8-A977-CA6C9F015C80}.AppStore|iPhone.Build.0 = Debug|Any CPU
		{D3B50B61-E935-41CD-B85E-88794C34A8CB}.Debug|Any CPU.ActiveCfg = Debug|iPhoneSimulator
		{D3B50B61-E935-41CD-B85E-88794C34A8CB}.Debug|Any CPU.Build.0 = Debug|iPhoneSimulator
		{D3B50B61-E935-41CD-B85E-88794C34A8CB}.Release|Any CPU.ActiveCfg = Release|iPhoneSimulator
		{D3B50B61-E935-41CD-B85E-88794C34A8CB}.Release|Any CPU.Build.0 = Release|iPhoneSimulator
		{D3B50B61-E935-41CD-B85E-88794C34A8CB}.Debug|iPhoneSimulator.ActiveCfg = Debug|iPhoneSimulator
		{D3B50B61-E935-41CD-B85E-88794C34A8CB}.Debug|iPhoneSimulator.Build.0 = Debug|iPhoneSimulator
		{D3B50B61-E935-41CD-B85E-88794C34A8CB}.Release|iPhoneSimulator.ActiveCfg = Release|iPhoneSimulator
		{D3B50B61-E935-41CD-B85E-88794C34A8CB}.Release|iPhoneSimulator.Build.0 = Release|iPhoneSimulator
		{D3B50B61-E935-41CD-B85E-88794C34A8CB}.Debug|iPhone.ActiveCfg = Debug|iPhone
		{D3B50B61-E935-41CD-B85E-88794C34A8CB}.Debug|iPhone.Build.0 = Debug|iPhone
		{D3B50B61-E935-41CD-B85E-88794C34A8CB}.Release|iPhone.ActiveCfg = Release|iPhone
		{D3B50B61-E935-41CD-B85E-88794C34A8CB}.Release|iPhone.Build.0 = Release|iPhone
		{D3B50B61-E935-41CD-B85E-88794C34A8CB}.Ad-Hoc|iPhone.ActiveCfg = Ad-Hoc|iPhone
		{D3B50B61-E935-41CD-B85E-88794C34A8CB}.Ad-Hoc|iPhone.Build.0 = Ad-Hoc|iPhone
		{D3B50B61-E935-41CD-B85E-88794C34A8CB}.AppStore|iPhone.ActiveCfg = AppStore|iPhone
		{D3B50B61-E935-41CD-B85E-88794C34A8CB}.AppStore|iPhone.Build.0 = AppStore|iPhone
	EndGlobalSection
EndGlobal
